// !$*UTF8*$!
{
	archiveVersion = 1;
	classes = {
	};
	objectVersion = 46;
	objects = {

/* Begin PBXBuildFile section */
		E9877FFC228A7912002290FE /* Default-568h@2x.png in Resources */ = {isa = PBXBuildFile; fileRef = E9877FFB228A7912002290FE /* Default-568h@2x.png */; };
		FF0A32DB1FD2AFD00002EA81 /* AppDelegate.swift in Sources */ = {isa = PBXBuildFile; fileRef = FF0A32DA1FD2AFD00002EA81 /* AppDelegate.swift */; };
		FF0A32DD1FD2AFD00002EA81 /* ViewController.swift in Sources */ = {isa = PBXBuildFile; fileRef = FF0A32DC1FD2AFD00002EA81 /* ViewController.swift */; };
		FF0A32E01FD2AFD00002EA81 /* Main.storyboard in Resources */ = {isa = PBXBuildFile; fileRef = FF0A32DE1FD2AFD00002EA81 /* Main.storyboard */; };
		FF0A32E21FD2AFD00002EA81 /* Assets.xcassets in Resources */ = {isa = PBXBuildFile; fileRef = FF0A32E11FD2AFD00002EA81 /* Assets.xcassets */; };
		FF0A32E51FD2AFD00002EA81 /* LaunchScreen.storyboard in Resources */ = {isa = PBXBuildFile; fileRef = FF0A32E31FD2AFD00002EA81 /* LaunchScreen.storyboard */; };
		FFDD86F91FD2B04500307B20 /* HomeTableViewController.swift in Sources */ = {isa = PBXBuildFile; fileRef = FFDD86F81FD2B04500307B20 /* HomeTableViewController.swift */; };
		FFDD86FB1FD2B05B00307B20 /* CustomTableViewCell.swift in Sources */ = {isa = PBXBuildFile; fileRef = FFDD86FA1FD2B05B00307B20 /* CustomTableViewCell.swift */; };
		FFDD86FD1FD2B09700307B20 /* CountryClass.swift in Sources */ = {isa = PBXBuildFile; fileRef = FFDD86FC1FD2B09700307B20 /* CountryClass.swift */; };
/* End PBXBuildFile section */

/* Begin PBXFileReference section */
		E9877FFB228A7912002290FE /* Default-568h@2x.png */ = {isa = PBXFileReference; lastKnownFileType = image.png; path = "Default-568h@2x.png"; sourceTree = "<group>"; };
		FF0A32D71FD2AFD00002EA81 /* Demo_SagarRathode.app */ = {isa = PBXFileReference; explicitFileType = wrapper.application; includeInIndex = 0; path = Demo_SagarRathode.app; sourceTree = BUILT_PRODUCTS_DIR; };
		FF0A32DA1FD2AFD00002EA81 /* AppDelegate.swift */ = {isa = PBXFileReference; lastKnownFileType = sourcecode.swift; path = AppDelegate.swift; sourceTree = "<group>"; };
		FF0A32DC1FD2AFD00002EA81 /* ViewController.swift */ = {isa = PBXFileReference; lastKnownFileType = sourcecode.swift; path = ViewController.swift; sourceTree = "<group>"; };
		FF0A32DF1FD2AFD00002EA81 /* Base */ = {isa = PBXFileReference; lastKnownFileType = file.storyboard; name = Base; path = Base.lproj/Main.storyboard; sourceTree = "<group>"; };
		FF0A32E11FD2AFD00002EA81 /* Assets.xcassets */ = {isa = PBXFileReference; lastKnownFileType = folder.assetcatalog; path = Assets.xcassets; sourceTree = "<group>"; };
		FF0A32E41FD2AFD00002EA81 /* Base */ = {isa = PBXFileReference; lastKnownFileType = file.storyboard; name = Base; path = Base.lproj/LaunchScreen.storyboard; sourceTree = "<group>"; };
		FF0A32E61FD2AFD00002EA81 /* Info.plist */ = {isa = PBXFileReference; lastKnownFileType = text.plist.xml; path = Info.plist; sourceTree = "<group>"; };
		FFDD86F81FD2B04500307B20 /* HomeTableViewController.swift */ = {isa = PBXFileReference; fileEncoding = 4; lastKnownFileType = sourcecode.swift; path = HomeTableViewController.swift; sourceTree = "<group>"; };
		FFDD86FA1FD2B05B00307B20 /* CustomTableViewCell.swift */ = {isa = PBXFileReference; fileEncoding = 4; lastKnownFileType = sourcecode.swift; path = CustomTableViewCell.swift; sourceTree = "<group>"; };
		FFDD86FC1FD2B09700307B20 /* CountryClass.swift */ = {isa = PBXFileReference; fileEncoding = 4; lastKnownFileType = sourcecode.swift; path = CountryClass.swift; sourceTree = "<group>"; };
/* End PBXFileReference section */

/* Begin PBXFrameworksBuildPhase section */
		FF0A32D41FD2AFD00002EA81 /* Frameworks */ = {
			isa = PBXFrameworksBuildPhase;
			buildActionMask = 2147483647;
			files = (
			);
			runOnlyForDeploymentPostprocessing = 0;
		};
/* End PBXFrameworksBuildPhase section */

/* Begin PBXGroup section */
		E9877FFD228A7AA4002290FE /* ViewController */ = {
			isa = PBXGroup;
			children = (
				FFDD86F81FD2B04500307B20 /* HomeTableViewController.swift */,
				FFDD86FA1FD2B05B00307B20 /* CustomTableViewCell.swift */,
			);
			path = ViewController;
			sourceTree = "<group>";
		};
		E9877FFE228A7C2D002290FE /* Model */ = {
			isa = PBXGroup;
			children = (
				E9877FFF228A7C3E002290FE /* PojoClasses */,
			);
			path = Model;
			sourceTree = "<group>";
		};
		E9877FFF228A7C3E002290FE /* PojoClasses */ = {
			isa = PBXGroup;
			children = (
				FFDD86FC1FD2B09700307B20 /* CountryClass.swift */,
			);
			path = PojoClasses;
			sourceTree = "<group>";
		};
		FF0A32CE1FD2AFD00002EA81 = {
			isa = PBXGroup;
			children = (
				E9877FFB228A7912002290FE /* Default-568h@2x.png */,
				FF0A32D91FD2AFD00002EA81 /* Demo_SagarRathode */,
				FF0A32D81FD2AFD00002EA81 /* Products */,
			);
			sourceTree = "<group>";
		};
		FF0A32D81FD2AFD00002EA81 /* Products */ = {
			isa = PBXGroup;
			children = (
				FF0A32D71FD2AFD00002EA81 /* Demo_SagarRathode.app */,
			);
			name = Products;
			sourceTree = "<group>";
		};
		FF0A32D91FD2AFD00002EA81 /* Demo_SagarRathode */ = {
			isa = PBXGroup;
			children = (
				FF0A32DA1FD2AFD00002EA81 /* AppDelegate.swift */,
				FF0A32DC1FD2AFD00002EA81 /* ViewController.swift */,
				E9877FFD228A7AA4002290FE /* ViewController */,
				E9877FFE228A7C2D002290FE /* Model */,
				FF0A32DE1FD2AFD00002EA81 /* Main.storyboard */,
				FF0A32E11FD2AFD00002EA81 /* Assets.xcassets */,
				FF0A32E31FD2AFD00002EA81 /* LaunchScreen.storyboard */,
				FF0A32E61FD2AFD00002EA81 /* Info.plist */,
			);
			path = Demo_SagarRathode;
			sourceTree = "<group>";
		};
/* End PBXGroup section */

/* Begin PBXNativeTarget section */
		FF0A32D61FD2AFD00002EA81 /* Demo_SagarRathode */ = {
			isa = PBXNativeTarget;
			buildConfigurationList = FF0A32E91FD2AFD00002EA81 /* Build configuration list for PBXNativeTarget "Demo_SagarRathode" */;
			buildPhases = (
				FF0A32D31FD2AFD00002EA81 /* Sources */,
				FF0A32D41FD2AFD00002EA81 /* Frameworks */,
				FF0A32D51FD2AFD00002EA81 /* Resources */,
			);
			buildRules = (
			);
			dependencies = (
			);
			name = Demo_SagarRathode;
			productName = Demo_BhavikaChowhan;
			productReference = FF0A32D71FD2AFD00002EA81 /* Demo_SagarRathode.app */;
			productType = "com.apple.product-type.application";
		};
/* End PBXNativeTarget section */

/* Begin PBXProject section */
		FF0A32CF1FD2AFD00002EA81 /* Project object */ = {
			isa = PBXProject;
			attributes = {
				LastSwiftUpdateCheck = 0830;
				LastUpgradeCheck = 1020;
				ORGANIZATIONNAME = "Sagar Rathode";
				TargetAttributes = {
					FF0A32D61FD2AFD00002EA81 = {
						CreatedOnToolsVersion = 8.3.2;
						ProvisioningStyle = Automatic;
					};
				};
			};
			buildConfigurationList = FF0A32D21FD2AFD00002EA81 /* Build configuration list for PBXProject "Demo_SagarRathode" */;
			compatibilityVersion = "Xcode 3.2";
			developmentRegion = en;
			hasScannedForEncodings = 0;
			knownRegions = (
				en,
				Base,
			);
			mainGroup = FF0A32CE1FD2AFD00002EA81;
			productRefGroup = FF0A32D81FD2AFD00002EA81 /* Products */;
			projectDirPath = "";
			projectRoot = "";
			targets = (
				FF0A32D61FD2AFD00002EA81 /* Demo_SagarRathode */,
			);
		};
/* End PBXProject section */

/* Begin PBXResourcesBuildPhase section */
		FF0A32D51FD2AFD00002EA81 /* Resources */ = {
			isa = PBXResourcesBuildPhase;
			buildActionMask = 2147483647;
			files = (
				FF0A32E51FD2AFD00002EA81 /* LaunchScreen.storyboard in Resources */,
				E9877FFC228A7912002290FE /* Default-568h@2x.png in Resources */,
				FF0A32E21FD2AFD00002EA81 /* Assets.xcassets in Resources */,
				FF0A32E01FD2AFD00002EA81 /* Main.storyboard in Resources */,
			);
			runOnlyForDeploymentPostprocessing = 0;
		};
/* End PBXResourcesBuildPhase section */

/* Begin PBXSourcesBuildPhase section */
		FF0A32D31FD2AFD00002EA81 /* Sources */ = {
			isa = PBXSourcesBuildPhase;
			buildActionMask = 2147483647;
			files = (
				FFDD86F91FD2B04500307B20 /* HomeTableViewController.swift in Sources */,
				FF0A32DD1FD2AFD00002EA81 /* ViewController.swift in Sources */,
				FFDD86FD1FD2B09700307B20 /* CountryClass.swift in Sources */,
				FFDD86FB1FD2B05B00307B20 /* CustomTableViewCell.swift in Sources */,
				FF0A32DB1FD2AFD00002EA81 /* AppDelegate.swift in Sources */,
			);
			runOnlyForDeploymentPostprocessing = 0;
		};
/* End PBXSourcesBuildPhase section */

/* Begin PBXVariantGroup section */
		FF0A32DE1FD2AFD00002EA81 /* Main.storyboard */ = {
			isa = PBXVariantGroup;
			children = (
				FF0A32DF1FD2AFD00002EA81 /* Base */,
			);
			name = Main.storyboard;
			sourceTree = "<group>";
		};
		FF0A32E31FD2AFD00002EA81 /* LaunchScreen.storyboard */ = {
			isa = PBXVariantGroup;
			children = (
				FF0A32E41FD2AFD00002EA81 /* Base */,
			);
			name = LaunchScreen.storyboard;
			sourceTree = "<group>";
		};
/* End PBXVariantGroup section */

/* Begin XCBuildConfiguration section */
		FF0A32E71FD2AFD00002EA81 /* Debug */ = {
			isa = XCBuildConfiguration;
			buildSettings = {
				ALWAYS_SEARCH_USER_PATHS = NO;
				CLANG_ANALYZER_LOCALIZABILITY_NONLOCALIZED = YES;
				CLANG_ANALYZER_NONNULL = YES;
				CLANG_ANALYZER_NUMBER_OBJECT_CONVERSION = YES_AGGRESSIVE;
				CLANG_CXX_LANGUAGE_STANDARD = "gnu++0x";
				CLANG_CXX_LIBRARY = "libc++";
				CLANG_ENABLE_MODULES = YES;
				CLANG_ENABLE_OBJC_ARC = YES;
				CLANG_WARN_BLOCK_CAPTURE_AUTORELEASING = YES;
				CLANG_WARN_BOOL_CONVERSION = YES;
				CLANG_WARN_COMMA = YES;
				CLANG_WARN_CONSTANT_CONVERSION = YES;
				CLANG_WARN_DEPRECATED_OBJC_IMPLEMENTATIONS = YES;
				CLANG_WARN_DIRECT_OBJC_ISA_USAGE = YES_ERROR;
				CLANG_WARN_DOCUMENTATION_COMMENTS = YES;
				CLANG_WARN_EMPTY_BODY = YES;
				CLANG_WARN_ENUM_CONVERSION = YES;
				CLANG_WARN_INFINITE_RECURSION = YES;
				CLANG_WARN_INT_CONVERSION = YES;
				CLANG_WARN_NON_LITERAL_NULL_CONVERSION = YES;
				CLANG_WARN_OBJC_IMPLICIT_RETAIN_SELF = YES;
				CLANG_WARN_OBJC_LITERAL_CONVERSION = YES;
				CLANG_WARN_OBJC_ROOT_CLASS = YES_ERROR;
				CLANG_WARN_RANGE_LOOP_ANALYSIS = YES;
				CLANG_WARN_STRICT_PROTOTYPES = YES;
				CLANG_WARN_SUSPICIOUS_MOVE = YES;
				CLANG_WARN_UNREACHABLE_CODE = YES;
				CLANG_WARN__DUPLICATE_METHOD_MATCH = YES;
				"CODE_SIGN_IDENTITY[sdk=iphoneos*]" = "iPhone Developer";
				COPY_PHASE_STRIP = NO;
				DEBUG_INFORMATION_FORMAT = dwarf;
				ENABLE_STRICT_OBJC_MSGSEND = YES;
				ENABLE_TESTABILITY = YES;
				GCC_C_LANGUAGE_STANDARD = gnu99;
				GCC_DYNAMIC_NO_PIC = NO;
				GCC_NO_COMMON_BLOCKS = YES;
				GCC_OPTIMIZATION_LEVEL = 0;
				GCC_PREPROCESSOR_DEFINITIONS = (
					"DEBUG=1",
					"$(inherited)",
				);
				GCC_WARN_64_TO_32_BIT_CONVERSION = YES;
				GCC_WARN_ABOUT_RETURN_TYPE = YES_ERROR;
				GCC_WARN_UNDECLARED_SELECTOR = YES;
				GCC_WARN_UNINITIALIZED_AUTOS = YES_AGGRESSIVE;
				GCC_WARN_UNUSED_FUNCTION = YES;
				GCC_WARN_UNUSED_VARIABLE = YES;
				IPHONEOS_DEPLOYMENT_TARGET = 10.3;
				MTL_ENABLE_DEBUG_INFO = YES;
				ONLY_ACTIVE_ARCH = YES;
				SDKROOT = iphoneos;
				SWIFT_ACTIVE_COMPILATION_CONDITIONS = DEBUG;
				SWIFT_OPTIMIZATION_LEVEL = "-Onone";
				SWIFT_VERSION = 5.0;
			};
			name = Debug;
		};
		FF0A32E81FD2AFD00002EA81 /* Release */ = {
			isa = XCBuildConfiguration;
			buildSettings = {
				ALWAYS_SEARCH_USER_PATHS = NO;
				CLANG_ANALYZER_LOCALIZABILITY_NONLOCALIZED = YES;
				CLANG_ANALYZER_NONNULL = YES;
				CLANG_ANALYZER_NUMBER_OBJECT_CONVERSION = YES_AGGRESSIVE;
				CLANG_CXX_LANGUAGE_STANDARD = "gnu++0x";
				CLANG_CXX_LIBRARY = "libc++";
				CLANG_ENABLE_MODULES = YES;
				CLANG_ENABLE_OBJC_ARC = YES;
				CLANG_WARN_BLOCK_CAPTURE_AUTORELEASING = YES;
				CLANG_WARN_BOOL_CONVERSION = YES;
				CLANG_WARN_COMMA = YES;
				CLANG_WARN_CONSTANT_CONVERSION = YES;
				CLANG_WARN_DEPRECATED_OBJC_IMPLEMENTATIONS = YES;
				CLANG_WARN_DIRECT_OBJC_ISA_USAGE = YES_ERROR;
				CLANG_WARN_DOCUMENTATION_COMMENTS = YES;
				CLANG_WARN_EMPTY_BODY = YES;
				CLANG_WARN_ENUM_CONVERSION = YES;
				CLANG_WARN_INFINITE_RECURSION = YES;
				CLANG_WARN_INT_CONVERSION = YES;
				CLANG_WARN_NON_LITERAL_NULL_CONVERSION = YES;
				CLANG_WARN_OBJC_IMPLICIT_RETAIN_SELF = YES;
				CLANG_WARN_OBJC_LITERAL_CONVERSION = YES;
				CLANG_WARN_OBJC_ROOT_CLASS = YES_ERROR;
				CLANG_WARN_RANGE_LOOP_ANALYSIS = YES;
				CLANG_WARN_STRICT_PROTOTYPES = YES;
				CLANG_WARN_SUSPICIOUS_MOVE = YES;
				CLANG_WARN_UNREACHABLE_CODE = YES;
				CLANG_WARN__DUPLICATE_METHOD_MATCH = YES;
				"CODE_SIGN_IDENTITY[sdk=iphoneos*]" = "iPhone Developer";
				COPY_PHASE_STRIP = NO;
				DEBUG_INFORMATION_FORMAT = "dwarf-with-dsym";
				ENABLE_NS_ASSERTIONS = NO;
				ENABLE_STRICT_OBJC_MSGSEND = YES;
				GCC_C_LANGUAGE_STANDARD = gnu99;
				GCC_NO_COMMON_BLOCKS = YES;
				GCC_WARN_64_TO_32_BIT_CONVERSION = YES;
				GCC_WARN_ABOUT_RETURN_TYPE = YES_ERROR;
				GCC_WARN_UNDECLARED_SELECTOR = YES;
				GCC_WARN_UNINITIALIZED_AUTOS = YES_AGGRESSIVE;
				GCC_WARN_UNUSED_FUNCTION = YES;
				GCC_WARN_UNUSED_VARIABLE = YES;
				IPHONEOS_DEPLOYMENT_TARGET = 10.3;
				MTL_ENABLE_DEBUG_INFO = NO;
				SDKROOT = iphoneos;
				SWIFT_OPTIMIZATION_LEVEL = "-Owholemodule";
				SWIFT_VERSION = 5.0;
				VALIDATE_PRODUCT = YES;
			};
			name = Release;
		};
		FF0A32EA1FD2AFD00002EA81 /* Debug */ = {
			isa = XCBuildConfiguration;
			buildSettings = {
				ASSETCATALOG_COMPILER_APPICON_NAME = AppIcon;
				INFOPLIST_FILE = "$(SRCROOT)/Demo_SagarRathode/Info.plist";
				LD_RUNPATH_SEARCH_PATHS = "$(inherited) @executable_path/Frameworks";
				PRODUCT_BUNDLE_IDENTIFIER = "com.SagarRathode.Demo-SagarRathode";
				PRODUCT_NAME = "$(TARGET_NAME)";
				SWIFT_VERSION = 5.0;
			};
			name = Debug;
		};
		FF0A32EB1FD2AFD00002EA81 /* Release */ = {
			isa = XCBuildConfiguration;
			buildSettings = {
				ASSETCATALOG_COMPILER_APPICON_NAME = AppIcon;
				INFOPLIST_FILE = "$(SRCROOT)/Demo_SagarRathode/Info.plist";
				LD_RUNPATH_SEARCH_PATHS = "$(inherited) @executable_path/Frameworks";
				PRODUCT_BUNDLE_IDENTIFIER = "com.SagarRathode.Demo-SagarRathode";
				PRODUCT_NAME = "$(TARGET_NAME)";
				SWIFT_VERSION = 5.0;
			};
			name = Release;
		};
/* End XCBuildConfiguration section */

/* Begin XCConfigurationList section */
		FF0A32D21FD2AFD00002EA81 /* Build configuration list for PBXProject "Demo_SagarRathode" */ = {
			isa = XCConfigurationList;
			buildConfigurations = (
				FF0A32E71FD2AFD00002EA81 /* Debug */,
				FF0A32E81FD2AFD00002EA81 /* Release */,
			);
			defaultConfigurationIsVisible = 0;
			defaultConfigurationName = Release;
		};
		FF0A32E91FD2AFD00002EA81 /* Build configuration list for PBXNativeTarget "Demo_SagarRathode" */ = {
			isa = XCConfigurationList;
			buildConfigurations = (
				FF0A32EA1FD2AFD00002EA81 /* Debug */,
				FF0A32EB1FD2AFD00002EA81 /* Release */,
			);
			defaultConfigurationIsVisible = 0;
			defaultConfigurationName = Release;
		};
/* End XCConfigurationList section */
	};
	rootObject = FF0A32CF1FD2AFD00002EA81 /* Project object */;
}
